
Microsoft Visual Studio Solution File, Format Version 12.00
# Visual Studio 14
VisualStudioVersion = 14.0.25420.1
MinimumVisualStudioVersion = 10.0.40219.1
Project("{FAE04EC0-301F-11D3-BF4B-00C04F79EFBC}") = "BigEgg.Core", "BigEgg.Core\BigEgg.Core.csproj", "{34CE1CF3-A6C4-4022-BC02-6985FEEB9473}"
EndProject
Project("{2150E333-8FDC-42A3-9474-1A3956D46DE8}") = "Solution Items", "Solution Items", "{8085D215-4789-47A6-87B0-2EEDD9235E07}"
EndProject
Project("{FAE04EC0-301F-11D3-BF4B-00C04F79EFBC}") = "BigEgg.Core.Tests", "BigEgg.Core.Tests\BigEgg.Core.Tests.csproj", "{A3CF597D-ED47-4DCB-A55D-56E2E68369A1}"
EndProject
Global
	GlobalSection(SolutionConfigurationPlatforms) = preSolution
		Debug|Any CPU = Debug|Any CPU
		Release|Any CPU = Release|Any CPU
	EndGlobalSection
	GlobalSection(ProjectConfigurationPlatforms) = postSolution
		{34CE1CF3-A6C4-4022-BC02-6985FEEB9473}.Debug|Any CPU.ActiveCfg = Debug|Any CPU
		{34CE1CF3-A6C4-4022-BC02-6985FEEB9473}.Debug|Any CPU.Build.0 = Debug|Any CPU
		{34CE1CF3-A6C4-4022-BC02-6985FEEB9473}.Release|Any CPU.ActiveCfg = Release|Any CPU
		{34CE1CF3-A6C4-4022-BC02-6985FEEB9473}.Release|Any CPU.Build.0 = Release|Any CPU
		{A3CF597D-ED47-4DCB-A55D-56E2E68369A1}.Debug|Any CPU.ActiveCfg = Debug|Any CPU
		{A3CF597D-ED47-4DCB-A55D-56E2E68369A1}.Debug|Any CPU.Build.0 = Debug|Any CPU
		{A3CF597D-ED47-4DCB-A55D-56E2E68369A1}.Release|Any CPU.ActiveCfg = Release|Any CPU
		{A3CF597D-ED47-4DCB-A55D-56E2E68369A1}.Release|Any CPU.Build.0 = Release|Any CPU
	EndGlobalSection
	GlobalSection(SolutionProperties) = preSolution
		HideSolutionNode = FALSE
	EndGlobalSection
EndGlobal
